// !$*UTF8*$!
{
	archiveVersion = 1;
	classes = {
	};
	objectVersion = 55;
	objects = {

/* Begin PBXBuildFile section */
		4822125C1F47847607E8AC06 /* Pods_DP_Gcd_DP_GcdUITests.framework in Frameworks */ = {isa = PBXBuildFile; fileRef = 04DA7CDB4F12DC06848328EC /* Pods_DP_Gcd_DP_GcdUITests.framework */; };
		9BBBDB913391F9E5122A9F27 /* Pods_DP_GcdTests.framework in Frameworks */ = {isa = PBXBuildFile; fileRef = D12C7F627C49A147DA0C990E /* Pods_DP_GcdTests.framework */; };
		D7C199B33D6380940AF26EE2 /* Pods_DP_Gcd.framework in Frameworks */ = {isa = PBXBuildFile; fileRef = DD96A26F82B7496369CEAD18 /* Pods_DP_Gcd.framework */; };
		EB1E169A2770CD3C009D5FC9 /* AppDelegate.swift in Sources */ = {isa = PBXBuildFile; fileRef = EB1E16992770CD3C009D5FC9 /* AppDelegate.swift */; };
		EB1E169C2770CD3C009D5FC9 /* SceneDelegate.swift in Sources */ = {isa = PBXBuildFile; fileRef = EB1E169B2770CD3C009D5FC9 /* SceneDelegate.swift */; };
		EB1E16A32770CD3D009D5FC9 /* Assets.xcassets in Resources */ = {isa = PBXBuildFile; fileRef = EB1E16A22770CD3D009D5FC9 /* Assets.xcassets */; };
		EB1E16A62770CD3D009D5FC9 /* LaunchScreen.storyboard in Resources */ = {isa = PBXBuildFile; fileRef = EB1E16A42770CD3D009D5FC9 /* LaunchScreen.storyboard */; };
		EB1E16B12770CD3E009D5FC9 /* DP_GcdTests.swift in Sources */ = {isa = PBXBuildFile; fileRef = EB1E16B02770CD3E009D5FC9 /* DP_GcdTests.swift */; };
		EB1E16BB2770CD3E009D5FC9 /* DP_GcdUITests.swift in Sources */ = {isa = PBXBuildFile; fileRef = EB1E16BA2770CD3E009D5FC9 /* DP_GcdUITests.swift */; };
		EB1E16BD2770CD3E009D5FC9 /* DP_GcdUITestsLaunchTests.swift in Sources */ = {isa = PBXBuildFile; fileRef = EB1E16BC2770CD3E009D5FC9 /* DP_GcdUITestsLaunchTests.swift */; };
		EB7981AE2771E8C80097CB1F /* ShowGlassPresenter.swift in Sources */ = {isa = PBXBuildFile; fileRef = EB7981A92771E8C80097CB1F /* ShowGlassPresenter.swift */; };
		EB7981AF2771E8C80097CB1F /* ShowGlassRouter.swift in Sources */ = {isa = PBXBuildFile; fileRef = EB7981AA2771E8C80097CB1F /* ShowGlassRouter.swift */; };
		EB7981B02771E8C80097CB1F /* ShowGlassModel.swift in Sources */ = {isa = PBXBuildFile; fileRef = EB7981AB2771E8C80097CB1F /* ShowGlassModel.swift */; };
		EB7981B12771E8C80097CB1F /* ShowGlassVC.swift in Sources */ = {isa = PBXBuildFile; fileRef = EB7981AC2771E8C80097CB1F /* ShowGlassVC.swift */; };
		EB7981B22771E8C80097CB1F /* ShowGlassMvpInterfaces.swift in Sources */ = {isa = PBXBuildFile; fileRef = EB7981AD2771E8C80097CB1F /* ShowGlassMvpInterfaces.swift */; };
/* End PBXBuildFile section */

/* Begin PBXContainerItemProxy section */
		EB1E16AD2770CD3E009D5FC9 /* PBXContainerItemProxy */ = {
			isa = PBXContainerItemProxy;
			containerPortal = EB1E168E2770CD3C009D5FC9 /* Project object */;
			proxyType = 1;
			remoteGlobalIDString = EB1E16952770CD3C009D5FC9;
			remoteInfo = DP_Gcd;
		};
		EB1E16B72770CD3E009D5FC9 /* PBXContainerItemProxy */ = {
			isa = PBXContainerItemProxy;
			containerPortal = EB1E168E2770CD3C009D5FC9 /* Project object */;
			proxyType = 1;
			remoteGlobalIDString = EB1E16952770CD3C009D5FC9;
			remoteInfo = DP_Gcd;
		};
/* End PBXContainerItemProxy section */

/* Begin PBXFileReference section */
		04DA7CDB4F12DC06848328EC /* Pods_DP_Gcd_DP_GcdUITests.framework */ = {isa = PBXFileReference; explicitFileType = wrapper.framework; includeInIndex = 0; path = Pods_DP_Gcd_DP_GcdUITests.framework; sourceTree = BUILT_PRODUCTS_DIR; };
		75A0153B837D73004B97722D /* Pods-DP_Gcd-DP_GcdUITests.release.xcconfig */ = {isa = PBXFileReference; includeInIndex = 1; lastKnownFileType = text.xcconfig; name = "Pods-DP_Gcd-DP_GcdUITests.release.xcconfig"; path = "Target Support Files/Pods-DP_Gcd-DP_GcdUITests/Pods-DP_Gcd-DP_GcdUITests.release.xcconfig"; sourceTree = "<group>"; };
		76D38F3A3EE66EC2C628C254 /* Pods-DP_GcdTests.release.xcconfig */ = {isa = PBXFileReference; includeInIndex = 1; lastKnownFileType = text.xcconfig; name = "Pods-DP_GcdTests.release.xcconfig"; path = "Target Support Files/Pods-DP_GcdTests/Pods-DP_GcdTests.release.xcconfig"; sourceTree = "<group>"; };
		84A77CEBA0F3C6381D788D35 /* Pods-DP_GcdTests.debug.xcconfig */ = {isa = PBXFileReference; includeInIndex = 1; lastKnownFileType = text.xcconfig; name = "Pods-DP_GcdTests.debug.xcconfig"; path = "Target Support Files/Pods-DP_GcdTests/Pods-DP_GcdTests.debug.xcconfig"; sourceTree = "<group>"; };
		AEA395C8411A9BD244BF5479 /* Pods-DP_Gcd.release.xcconfig */ = {isa = PBXFileReference; includeInIndex = 1; lastKnownFileType = text.xcconfig; name = "Pods-DP_Gcd.release.xcconfig"; path = "Target Support Files/Pods-DP_Gcd/Pods-DP_Gcd.release.xcconfig"; sourceTree = "<group>"; };
		D12C7F627C49A147DA0C990E /* Pods_DP_GcdTests.framework */ = {isa = PBXFileReference; explicitFileType = wrapper.framework; includeInIndex = 0; path = Pods_DP_GcdTests.framework; sourceTree = BUILT_PRODUCTS_DIR; };
		DD96A26F82B7496369CEAD18 /* Pods_DP_Gcd.framework */ = {isa = PBXFileReference; explicitFileType = wrapper.framework; includeInIndex = 0; path = Pods_DP_Gcd.framework; sourceTree = BUILT_PRODUCTS_DIR; };
		E6AAF64846FDDEE983A0A394 /* Pods-DP_Gcd.debug.xcconfig */ = {isa = PBXFileReference; includeInIndex = 1; lastKnownFileType = text.xcconfig; name = "Pods-DP_Gcd.debug.xcconfig"; path = "Target Support Files/Pods-DP_Gcd/Pods-DP_Gcd.debug.xcconfig"; sourceTree = "<group>"; };
		EB1E16962770CD3C009D5FC9 /* DP_Gcd.app */ = {isa = PBXFileReference; explicitFileType = wrapper.application; includeInIndex = 0; path = DP_Gcd.app; sourceTree = BUILT_PRODUCTS_DIR; };
		EB1E16992770CD3C009D5FC9 /* AppDelegate.swift */ = {isa = PBXFileReference; lastKnownFileType = sourcecode.swift; path = AppDelegate.swift; sourceTree = "<group>"; };
		EB1E169B2770CD3C009D5FC9 /* SceneDelegate.swift */ = {isa = PBXFileReference; lastKnownFileType = sourcecode.swift; path = SceneDelegate.swift; sourceTree = "<group>"; };
		EB1E16A22770CD3D009D5FC9 /* Assets.xcassets */ = {isa = PBXFileReference; lastKnownFileType = folder.assetcatalog; path = Assets.xcassets; sourceTree = "<group>"; };
		EB1E16A52770CD3D009D5FC9 /* Base */ = {isa = PBXFileReference; lastKnownFileType = file.storyboard; name = Base; path = Base.lproj/LaunchScreen.storyboard; sourceTree = "<group>"; };
		EB1E16A72770CD3D009D5FC9 /* Info.plist */ = {isa = PBXFileReference; lastKnownFileType = text.plist.xml; path = Info.plist; sourceTree = "<group>"; };
		EB1E16AC2770CD3E009D5FC9 /* DP_GcdTests.xctest */ = {isa = PBXFileReference; explicitFileType = wrapper.cfbundle; includeInIndex = 0; path = DP_GcdTests.xctest; sourceTree = BUILT_PRODUCTS_DIR; };
		EB1E16B02770CD3E009D5FC9 /* DP_GcdTests.swift */ = {isa = PBXFileReference; lastKnownFileType = sourcecode.swift; path = DP_GcdTests.swift; sourceTree = "<group>"; };
		EB1E16B62770CD3E009D5FC9 /* DP_GcdUITests.xctest */ = {isa = PBXFileReference; explicitFileType = wrapper.cfbundle; includeInIndex = 0; path = DP_GcdUITests.xctest; sourceTree = BUILT_PRODUCTS_DIR; };
		EB1E16BA2770CD3E009D5FC9 /* DP_GcdUITests.swift */ = {isa = PBXFileReference; lastKnownFileType = sourcecode.swift; path = DP_GcdUITests.swift; sourceTree = "<group>"; };
		EB1E16BC2770CD3E009D5FC9 /* DP_GcdUITestsLaunchTests.swift */ = {isa = PBXFileReference; lastKnownFileType = sourcecode.swift; path = DP_GcdUITestsLaunchTests.swift; sourceTree = "<group>"; };
		EB7981A92771E8C80097CB1F /* ShowGlassPresenter.swift */ = {isa = PBXFileReference; lastKnownFileType = sourcecode.swift; path = ShowGlassPresenter.swift; sourceTree = "<group>"; };
		EB7981AA2771E8C80097CB1F /* ShowGlassRouter.swift */ = {isa = PBXFileReference; lastKnownFileType = sourcecode.swift; path = ShowGlassRouter.swift; sourceTree = "<group>"; };
		EB7981AB2771E8C80097CB1F /* ShowGlassModel.swift */ = {isa = PBXFileReference; lastKnownFileType = sourcecode.swift; path = ShowGlassModel.swift; sourceTree = "<group>"; };
		EB7981AC2771E8C80097CB1F /* ShowGlassVC.swift */ = {isa = PBXFileReference; lastKnownFileType = sourcecode.swift; path = ShowGlassVC.swift; sourceTree = "<group>"; };
		EB7981AD2771E8C80097CB1F /* ShowGlassMvpInterfaces.swift */ = {isa = PBXFileReference; lastKnownFileType = sourcecode.swift; path = ShowGlassMvpInterfaces.swift; sourceTree = "<group>"; };
		F4551046BA2C25EAC943371B /* Pods-DP_Gcd-DP_GcdUITests.debug.xcconfig */ = {isa = PBXFileReference; includeInIndex = 1; lastKnownFileType = text.xcconfig; name = "Pods-DP_Gcd-DP_GcdUITests.debug.xcconfig"; path = "Target Support Files/Pods-DP_Gcd-DP_GcdUITests/Pods-DP_Gcd-DP_GcdUITests.debug.xcconfig"; sourceTree = "<group>"; };
/* End PBXFileReference section */

/* Begin PBXFrameworksBuildPhase section */
		EB1E16932770CD3C009D5FC9 /* Frameworks */ = {
			isa = PBXFrameworksBuildPhase;
			buildActionMask = 2147483647;
			files = (
				D7C199B33D6380940AF26EE2 /* Pods_DP_Gcd.framework in Frameworks */,
			);
			runOnlyForDeploymentPostprocessing = 0;
		};
		EB1E16A92770CD3E009D5FC9 /* Frameworks */ = {
			isa = PBXFrameworksBuildPhase;
			buildActionMask = 2147483647;
			files = (
				9BBBDB913391F9E5122A9F27 /* Pods_DP_GcdTests.framework in Frameworks */,
			);
			runOnlyForDeploymentPostprocessing = 0;
		};
		EB1E16B32770CD3E009D5FC9 /* Frameworks */ = {
			isa = PBXFrameworksBuildPhase;
			buildActionMask = 2147483647;
			files = (
				4822125C1F47847607E8AC06 /* Pods_DP_Gcd_DP_GcdUITests.framework in Frameworks */,
			);
			runOnlyForDeploymentPostprocessing = 0;
		};
/* End PBXFrameworksBuildPhase section */

/* Begin PBXGroup section */
		300DC3AC15F76CC052C8EAB6 /* Frameworks */ = {
			isa = PBXGroup;
			children = (
				DD96A26F82B7496369CEAD18 /* Pods_DP_Gcd.framework */,
				04DA7CDB4F12DC06848328EC /* Pods_DP_Gcd_DP_GcdUITests.framework */,
				D12C7F627C49A147DA0C990E /* Pods_DP_GcdTests.framework */,
			);
			name = Frameworks;
			sourceTree = "<group>";
		};
		407A72846CCC3D6CB9FF7504 /* Pods */ = {
			isa = PBXGroup;
			children = (
				E6AAF64846FDDEE983A0A394 /* Pods-DP_Gcd.debug.xcconfig */,
				AEA395C8411A9BD244BF5479 /* Pods-DP_Gcd.release.xcconfig */,
				F4551046BA2C25EAC943371B /* Pods-DP_Gcd-DP_GcdUITests.debug.xcconfig */,
				75A0153B837D73004B97722D /* Pods-DP_Gcd-DP_GcdUITests.release.xcconfig */,
				84A77CEBA0F3C6381D788D35 /* Pods-DP_GcdTests.debug.xcconfig */,
				76D38F3A3EE66EC2C628C254 /* Pods-DP_GcdTests.release.xcconfig */,
			);
			path = Pods;
			sourceTree = "<group>";
		};
		EB1E168D2770CD3C009D5FC9 = {
			isa = PBXGroup;
			children = (
				EB1E16982770CD3C009D5FC9 /* DP_Gcd */,
				EB1E16AF2770CD3E009D5FC9 /* DP_GcdTests */,
				EB1E16B92770CD3E009D5FC9 /* DP_GcdUITests */,
				EB1E16972770CD3C009D5FC9 /* Products */,
				407A72846CCC3D6CB9FF7504 /* Pods */,
				300DC3AC15F76CC052C8EAB6 /* Frameworks */,
			);
			sourceTree = "<group>";
		};
		EB1E16972770CD3C009D5FC9 /* Products */ = {
			isa = PBXGroup;
			children = (
				EB1E16962770CD3C009D5FC9 /* DP_Gcd.app */,
				EB1E16AC2770CD3E009D5FC9 /* DP_GcdTests.xctest */,
				EB1E16B62770CD3E009D5FC9 /* DP_GcdUITests.xctest */,
			);
			name = Products;
			sourceTree = "<group>";
		};
		EB1E16982770CD3C009D5FC9 /* DP_Gcd */ = {
			isa = PBXGroup;
			children = (
				EB6658AC2771DE1100B1ED55 /* AppFiles */,
				EB6658AB2771DDF400B1ED55 /* Modules */,
				EB1E16C92770CEBB009D5FC9 /* SupportingFIles */,
			);
			path = DP_Gcd;
			sourceTree = "<group>";
		};
		EB1E16AF2770CD3E009D5FC9 /* DP_GcdTests */ = {
			isa = PBXGroup;
			children = (
				EB1E16B02770CD3E009D5FC9 /* DP_GcdTests.swift */,
			);
			path = DP_GcdTests;
			sourceTree = "<group>";
		};
		EB1E16B92770CD3E009D5FC9 /* DP_GcdUITests */ = {
			isa = PBXGroup;
			children = (
				EB1E16BA2770CD3E009D5FC9 /* DP_GcdUITests.swift */,
				EB1E16BC2770CD3E009D5FC9 /* DP_GcdUITestsLaunchTests.swift */,
			);
			path = DP_GcdUITests;
			sourceTree = "<group>";
		};
		EB1E16C92770CEBB009D5FC9 /* SupportingFIles */ = {
			isa = PBXGroup;
			children = (
				EB1E16A22770CD3D009D5FC9 /* Assets.xcassets */,
				EB1E16A42770CD3D009D5FC9 /* LaunchScreen.storyboard */,
				EB1E16A72770CD3D009D5FC9 /* Info.plist */,
			);
			path = SupportingFIles;
			sourceTree = "<group>";
		};
		EB6658AB2771DDF400B1ED55 /* Modules */ = {
			isa = PBXGroup;
			children = (
				EB7981B32771E8CE0097CB1F /* a. ShowGlass */,
			);
			path = Modules;
			sourceTree = "<group>";
		};
		EB6658AC2771DE1100B1ED55 /* AppFiles */ = {
			isa = PBXGroup;
			children = (
				EB1E16992770CD3C009D5FC9 /* AppDelegate.swift */,
				EB1E169B2770CD3C009D5FC9 /* SceneDelegate.swift */,
			);
			path = AppFiles;
			sourceTree = "<group>";
		};
		EB7981B32771E8CE0097CB1F /* a. ShowGlass */ = {
			isa = PBXGroup;
			children = (
				EB7981A92771E8C80097CB1F /* ShowGlassPresenter.swift */,
				EB7981AA2771E8C80097CB1F /* ShowGlassRouter.swift */,
				EB7981AB2771E8C80097CB1F /* ShowGlassModel.swift */,
				EB7981AC2771E8C80097CB1F /* ShowGlassVC.swift */,
				EB7981AD2771E8C80097CB1F /* ShowGlassMvpInterfaces.swift */,
			);
			path = "a. ShowGlass";
			sourceTree = "<group>";
		};
/* End PBXGroup section */

/* Begin PBXNativeTarget section */
		EB1E16952770CD3C009D5FC9 /* DP_Gcd */ = {
			isa = PBXNativeTarget;
			buildConfigurationList = EB1E16C02770CD3E009D5FC9 /* Build configuration list for PBXNativeTarget "DP_Gcd" */;
			buildPhases = (
				1E364FD5583179B0BED062BA /* [CP] Check Pods Manifest.lock */,
				EB1E16922770CD3C009D5FC9 /* Sources */,
				EB1E16932770CD3C009D5FC9 /* Frameworks */,
				EB1E16942770CD3C009D5FC9 /* Resources */,
				EBF4F0732771F5AC00C40E7E /* SwiftLint Run */,
			);
			buildRules = (
			);
			dependencies = (
			);
			name = DP_Gcd;
			productName = DP_Gcd;
			productReference = EB1E16962770CD3C009D5FC9 /* DP_Gcd.app */;
			productType = "com.apple.product-type.application";
		};
		EB1E16AB2770CD3E009D5FC9 /* DP_GcdTests */ = {
			isa = PBXNativeTarget;
			buildConfigurationList = EB1E16C32770CD3E009D5FC9 /* Build configuration list for PBXNativeTarget "DP_GcdTests" */;
			buildPhases = (
				E60C190B3CD6CEEECD6020F0 /* [CP] Check Pods Manifest.lock */,
				EB1E16A82770CD3E009D5FC9 /* Sources */,
				EB1E16A92770CD3E009D5FC9 /* Frameworks */,
				EB1E16AA2770CD3E009D5FC9 /* Resources */,
			);
			buildRules = (
			);
			dependencies = (
				EB1E16AE2770CD3E009D5FC9 /* PBXTargetDependency */,
			);
			name = DP_GcdTests;
			productName = DP_GcdTests;
			productReference = EB1E16AC2770CD3E009D5FC9 /* DP_GcdTests.xctest */;
			productType = "com.apple.product-type.bundle.unit-test";
		};
		EB1E16B52770CD3E009D5FC9 /* DP_GcdUITests */ = {
			isa = PBXNativeTarget;
			buildConfigurationList = EB1E16C62770CD3E009D5FC9 /* Build configuration list for PBXNativeTarget "DP_GcdUITests" */;
			buildPhases = (
				ECF012E795D7B79AAC6E9530 /* [CP] Check Pods Manifest.lock */,
				EB1E16B22770CD3E009D5FC9 /* Sources */,
				EB1E16B32770CD3E009D5FC9 /* Frameworks */,
				EB1E16B42770CD3E009D5FC9 /* Resources */,
			);
			buildRules = (
			);
			dependencies = (
				EB1E16B82770CD3E009D5FC9 /* PBXTargetDependency */,
			);
			name = DP_GcdUITests;
			productName = DP_GcdUITests;
			productReference = EB1E16B62770CD3E009D5FC9 /* DP_GcdUITests.xctest */;
			productType = "com.apple.product-type.bundle.ui-testing";
		};
/* End PBXNativeTarget section */

/* Begin PBXProject section */
		EB1E168E2770CD3C009D5FC9 /* Project object */ = {
			isa = PBXProject;
			attributes = {
				BuildIndependentTargetsInParallel = 1;
				LastSwiftUpdateCheck = 1310;
				LastUpgradeCheck = 1310;
				TargetAttributes = {
					EB1E16952770CD3C009D5FC9 = {
						CreatedOnToolsVersion = 13.1;
					};
					EB1E16AB2770CD3E009D5FC9 = {
						CreatedOnToolsVersion = 13.1;
						TestTargetID = EB1E16952770CD3C009D5FC9;
					};
					EB1E16B52770CD3E009D5FC9 = {
						CreatedOnToolsVersion = 13.1;
						TestTargetID = EB1E16952770CD3C009D5FC9;
					};
				};
			};
			buildConfigurationList = EB1E16912770CD3C009D5FC9 /* Build configuration list for PBXProject "DP_Gcd" */;
			compatibilityVersion = "Xcode 13.0";
			developmentRegion = en;
			hasScannedForEncodings = 0;
			knownRegions = (
				en,
				Base,
			);
			mainGroup = EB1E168D2770CD3C009D5FC9;
			productRefGroup = EB1E16972770CD3C009D5FC9 /* Products */;
			projectDirPath = "";
			projectRoot = "";
			targets = (
				EB1E16952770CD3C009D5FC9 /* DP_Gcd */,
				EB1E16AB2770CD3E009D5FC9 /* DP_GcdTests */,
				EB1E16B52770CD3E009D5FC9 /* DP_GcdUITests */,
			);
		};
/* End PBXProject section */

/* Begin PBXResourcesBuildPhase section */
		EB1E16942770CD3C009D5FC9 /* Resources */ = {
			isa = PBXResourcesBuildPhase;
			buildActionMask = 2147483647;
			files = (
				EB1E16A62770CD3D009D5FC9 /* LaunchScreen.storyboard in Resources */,
				EB1E16A32770CD3D009D5FC9 /* Assets.xcassets in Resources */,
			);
			runOnlyForDeploymentPostprocessing = 0;
		};
		EB1E16AA2770CD3E009D5FC9 /* Resources */ = {
			isa = PBXResourcesBuildPhase;
			buildActionMask = 2147483647;
			files = (
			);
			runOnlyForDeploymentPostprocessing = 0;
		};
		EB1E16B42770CD3E009D5FC9 /* Resources */ = {
			isa = PBXResourcesBuildPhase;
			buildActionMask = 2147483647;
			files = (
			);
			runOnlyForDeploymentPostprocessing = 0;
		};
/* End PBXResourcesBuildPhase section */

/* Begin PBXShellScriptBuildPhase section */
		1E364FD5583179B0BED062BA /* [CP] Check Pods Manifest.lock */ = {
			isa = PBXShellScriptBuildPhase;
			buildActionMask = 2147483647;
			files = (
			);
			inputFileListPaths = (
			);
			inputPaths = (
				"${PODS_PODFILE_DIR_PATH}/Podfile.lock",
				"${PODS_ROOT}/Manifest.lock",
			);
			name = "[CP] Check Pods Manifest.lock";
			outputFileListPaths = (
			);
			outputPaths = (
				"$(DERIVED_FILE_DIR)/Pods-DP_Gcd-checkManifestLockResult.txt",
			);
			runOnlyForDeploymentPostprocessing = 0;
			shellPath = /bin/sh;
			shellScript = "diff \"${PODS_PODFILE_DIR_PATH}/Podfile.lock\" \"${PODS_ROOT}/Manifest.lock\" > /dev/null\nif [ $? != 0 ] ; then\n    # print error to STDERR\n    echo \"error: The sandbox is not in sync with the Podfile.lock. Run 'pod install' or update your CocoaPods installation.\" >&2\n    exit 1\nfi\n# This output is used by Xcode 'outputs' to avoid re-running this script phase.\necho \"SUCCESS\" > \"${SCRIPT_OUTPUT_FILE_0}\"\n";
			showEnvVarsInLog = 0;
		};
		E60C190B3CD6CEEECD6020F0 /* [CP] Check Pods Manifest.lock */ = {
			isa = PBXShellScriptBuildPhase;
			buildActionMask = 2147483647;
			files = (
			);
			inputFileListPaths = (
			);
			inputPaths = (
				"${PODS_PODFILE_DIR_PATH}/Podfile.lock",
				"${PODS_ROOT}/Manifest.lock",
			);
			name = "[CP] Check Pods Manifest.lock";
			outputFileListPaths = (
			);
			outputPaths = (
				"$(DERIVED_FILE_DIR)/Pods-DP_GcdTests-checkManifestLockResult.txt",
			);
			runOnlyForDeploymentPostprocessing = 0;
			shellPath = /bin/sh;
			shellScript = "diff \"${PODS_PODFILE_DIR_PATH}/Podfile.lock\" \"${PODS_ROOT}/Manifest.lock\" > /dev/null\nif [ $? != 0 ] ; then\n    # print error to STDERR\n    echo \"error: The sandbox is not in sync with the Podfile.lock. Run 'pod install' or update your CocoaPods installation.\" >&2\n    exit 1\nfi\n# This output is used by Xcode 'outputs' to avoid re-running this script phase.\necho \"SUCCESS\" > \"${SCRIPT_OUTPUT_FILE_0}\"\n";
			showEnvVarsInLog = 0;
		};
		EBF4F0732771F5AC00C40E7E /* SwiftLint Run */ = {
			isa = PBXShellScriptBuildPhase;
			buildActionMask = 2147483647;
			files = (
			);
			inputFileListPaths = (
			);
			inputPaths = (
			);
			name = "SwiftLint Run";
			outputFileListPaths = (
			);
			outputPaths = (
			);
			runOnlyForDeploymentPostprocessing = 0;
			shellPath = /bin/sh;
			shellScript = "\"${PODS_ROOT}/SwiftLint/swiftlint\"\n";
		};
		ECF012E795D7B79AAC6E9530 /* [CP] Check Pods Manifest.lock */ = {
			isa = PBXShellScriptBuildPhase;
			buildActionMask = 2147483647;
			files = (
			);
			inputFileListPaths = (
			);
			inputPaths = (
				"${PODS_PODFILE_DIR_PATH}/Podfile.lock",
				"${PODS_ROOT}/Manifest.lock",
			);
			name = "[CP] Check Pods Manifest.lock";
			outputFileListPaths = (
			);
			outputPaths = (
				"$(DERIVED_FILE_DIR)/Pods-DP_Gcd-DP_GcdUITests-checkManifestLockResult.txt",
			);
			runOnlyForDeploymentPostprocessing = 0;
			shellPath = /bin/sh;
			shellScript = "diff \"${PODS_PODFILE_DIR_PATH}/Podfile.lock\" \"${PODS_ROOT}/Manifest.lock\" > /dev/null\nif [ $? != 0 ] ; then\n    # print error to STDERR\n    echo \"error: The sandbox is not in sync with the Podfile.lock. Run 'pod install' or update your CocoaPods installation.\" >&2\n    exit 1\nfi\n# This output is used by Xcode 'outputs' to avoid re-running this script phase.\necho \"SUCCESS\" > \"${SCRIPT_OUTPUT_FILE_0}\"\n";
			showEnvVarsInLog = 0;
		};
/* End PBXShellScriptBuildPhase section */

/* Begin PBXSourcesBuildPhase section */
		EB1E16922770CD3C009D5FC9 /* Sources */ = {
			isa = PBXSourcesBuildPhase;
			buildActionMask = 2147483647;
			files = (
				EB7981B22771E8C80097CB1F /* ShowGlassMvpInterfaces.swift in Sources */,
				EB1E169A2770CD3C009D5FC9 /* AppDelegate.swift in Sources */,
				EB7981AE2771E8C80097CB1F /* ShowGlassPresenter.swift in Sources */,
				EB7981B12771E8C80097CB1F /* ShowGlassVC.swift in Sources */,
				EB1E169C2770CD3C009D5FC9 /* SceneDelegate.swift in Sources */,
				EB7981AF2771E8C80097CB1F /* ShowGlassRouter.swift in Sources */,
				EB7981B02771E8C80097CB1F /* ShowGlassModel.swift in Sources */,
			);
			runOnlyForDeploymentPostprocessing = 0;
		};
		EB1E16A82770CD3E009D5FC9 /* Sources */ = {
			isa = PBXSourcesBuildPhase;
			buildActionMask = 2147483647;
			files = (
				EB1E16B12770CD3E009D5FC9 /* DP_GcdTests.swift in Sources */,
			);
			runOnlyForDeploymentPostprocessing = 0;
		};
		EB1E16B22770CD3E009D5FC9 /* Sources */ = {
			isa = PBXSourcesBuildPhase;
			buildActionMask = 2147483647;
			files = (
				EB1E16BB2770CD3E009D5FC9 /* DP_GcdUITests.swift in Sources */,
				EB1E16BD2770CD3E009D5FC9 /* DP_GcdUITestsLaunchTests.swift in Sources */,
			);
			runOnlyForDeploymentPostprocessing = 0;
		};
/* End PBXSourcesBuildPhase section */

/* Begin PBXTargetDependency section */
		EB1E16AE2770CD3E009D5FC9 /* PBXTargetDependency */ = {
			isa = PBXTargetDependency;
			target = EB1E16952770CD3C009D5FC9 /* DP_Gcd */;
			targetProxy = EB1E16AD2770CD3E009D5FC9 /* PBXContainerItemProxy */;
		};
		EB1E16B82770CD3E009D5FC9 /* PBXTargetDependency */ = {
			isa = PBXTargetDependency;
			target = EB1E16952770CD3C009D5FC9 /* DP_Gcd */;
			targetProxy = EB1E16B72770CD3E009D5FC9 /* PBXContainerItemProxy */;
		};
/* End PBXTargetDependency section */

/* Begin PBXVariantGroup section */
		EB1E16A42770CD3D009D5FC9 /* LaunchScreen.storyboard */ = {
			isa = PBXVariantGroup;
			children = (
				EB1E16A52770CD3D009D5FC9 /* Base */,
			);
			name = LaunchScreen.storyboard;
			sourceTree = "<group>";
		};
/* End PBXVariantGroup section */

/* Begin XCBuildConfiguration section */
		EB1E16BE2770CD3E009D5FC9 /* Debug */ = {
			isa = XCBuildConfiguration;
			buildSettings = {
				ALWAYS_SEARCH_USER_PATHS = NO;
				CLANG_ANALYZER_NONNULL = YES;
				CLANG_ANALYZER_NUMBER_OBJECT_CONVERSION = YES_AGGRESSIVE;
				CLANG_CXX_LANGUAGE_STANDARD = "gnu++17";
				CLANG_CXX_LIBRARY = "libc++";
				CLANG_ENABLE_MODULES = YES;
				CLANG_ENABLE_OBJC_ARC = YES;
				CLANG_ENABLE_OBJC_WEAK = YES;
				CLANG_WARN_BLOCK_CAPTURE_AUTORELEASING = YES;
				CLANG_WARN_BOOL_CONVERSION = YES;
				CLANG_WARN_COMMA = YES;
				CLANG_WARN_CONSTANT_CONVERSION = YES;
				CLANG_WARN_DEPRECATED_OBJC_IMPLEMENTATIONS = YES;
				CLANG_WARN_DIRECT_OBJC_ISA_USAGE = YES_ERROR;
				CLANG_WARN_DOCUMENTATION_COMMENTS = YES;
				CLANG_WARN_EMPTY_BODY = YES;
				CLANG_WARN_ENUM_CONVERSION = YES;
				CLANG_WARN_INFINITE_RECURSION = YES;
				CLANG_WARN_INT_CONVERSION = YES;
				CLANG_WARN_NON_LITERAL_NULL_CONVERSION = YES;
				CLANG_WARN_OBJC_IMPLICIT_RETAIN_SELF = YES;
				CLANG_WARN_OBJC_LITERAL_CONVERSION = YES;
				CLANG_WARN_OBJC_ROOT_CLASS = YES_ERROR;
				CLANG_WARN_QUOTED_INCLUDE_IN_FRAMEWORK_HEADER = YES;
				CLANG_WARN_RANGE_LOOP_ANALYSIS = YES;
				CLANG_WARN_STRICT_PROTOTYPES = YES;
				CLANG_WARN_SUSPICIOUS_MOVE = YES;
				CLANG_WARN_UNGUARDED_AVAILABILITY = YES_AGGRESSIVE;
				CLANG_WARN_UNREACHABLE_CODE = YES;
				CLANG_WARN__DUPLICATE_METHOD_MATCH = YES;
				COPY_PHASE_STRIP = NO;
				DEBUG_INFORMATION_FORMAT = dwarf;
				ENABLE_STRICT_OBJC_MSGSEND = YES;
				ENABLE_TESTABILITY = YES;
				GCC_C_LANGUAGE_STANDARD = gnu11;
				GCC_DYNAMIC_NO_PIC = NO;
				GCC_NO_COMMON_BLOCKS = YES;
				GCC_OPTIMIZATION_LEVEL = 0;
				GCC_PREPROCESSOR_DEFINITIONS = (
					"DEBUG=1",
					"$(inherited)",
				);
				GCC_WARN_64_TO_32_BIT_CONVERSION = YES;
				GCC_WARN_ABOUT_RETURN_TYPE = YES_ERROR;
				GCC_WARN_UNDECLARED_SELECTOR = YES;
				GCC_WARN_UNINITIALIZED_AUTOS = YES_AGGRESSIVE;
				GCC_WARN_UNUSED_FUNCTION = YES;
				GCC_WARN_UNUSED_VARIABLE = YES;
				IPHONEOS_DEPLOYMENT_TARGET = 15.0;
				MTL_ENABLE_DEBUG_INFO = INCLUDE_SOURCE;
				MTL_FAST_MATH = YES;
				ONLY_ACTIVE_ARCH = YES;
				SDKROOT = iphoneos;
				SWIFT_ACTIVE_COMPILATION_CONDITIONS = DEBUG;
				SWIFT_OPTIMIZATION_LEVEL = "-Onone";
			};
			name = Debug;
		};
		EB1E16BF2770CD3E009D5FC9 /* Release */ = {
			isa = XCBuildConfiguration;
			buildSettings = {
				ALWAYS_SEARCH_USER_PATHS = NO;
				CLANG_ANALYZER_NONNULL = YES;
				CLANG_ANALYZER_NUMBER_OBJECT_CONVERSION = YES_AGGRESSIVE;
				CLANG_CXX_LANGUAGE_STANDARD = "gnu++17";
				CLANG_CXX_LIBRARY = "libc++";
				CLANG_ENABLE_MODULES = YES;
				CLANG_ENABLE_OBJC_ARC = YES;
				CLANG_ENABLE_OBJC_WEAK = YES;
				CLANG_WARN_BLOCK_CAPTURE_AUTORELEASING = YES;
				CLANG_WARN_BOOL_CONVERSION = YES;
				CLANG_WARN_COMMA = YES;
				CLANG_WARN_CONSTANT_CONVERSION = YES;
				CLANG_WARN_DEPRECATED_OBJC_IMPLEMENTATIONS = YES;
				CLANG_WARN_DIRECT_OBJC_ISA_USAGE = YES_ERROR;
				CLANG_WARN_DOCUMENTATION_COMMENTS = YES;
				CLANG_WARN_EMPTY_BODY = YES;
				CLANG_WARN_ENUM_CONVERSION = YES;
				CLANG_WARN_INFINITE_RECURSION = YES;
				CLANG_WARN_INT_CONVERSION = YES;
				CLANG_WARN_NON_LITERAL_NULL_CONVERSION = YES;
				CLANG_WARN_OBJC_IMPLICIT_RETAIN_SELF = YES;
				CLANG_WARN_OBJC_LITERAL_CONVERSION = YES;
				CLANG_WARN_OBJC_ROOT_CLASS = YES_ERROR;
				CLANG_WARN_QUOTED_INCLUDE_IN_FRAMEWORK_HEADER = YES;
				CLANG_WARN_RANGE_LOOP_ANALYSIS = YES;
				CLANG_WARN_STRICT_PROTOTYPES = YES;
				CLANG_WARN_SUSPICIOUS_MOVE = YES;
				CLANG_WARN_UNGUARDED_AVAILABILITY = YES_AGGRESSIVE;
				CLANG_WARN_UNREACHABLE_CODE = YES;
				CLANG_WARN__DUPLICATE_METHOD_MATCH = YES;
				COPY_PHASE_STRIP = NO;
				DEBUG_INFORMATION_FORMAT = "dwarf-with-dsym";
				ENABLE_NS_ASSERTIONS = NO;
				ENABLE_STRICT_OBJC_MSGSEND = YES;
				GCC_C_LANGUAGE_STANDARD = gnu11;
				GCC_NO_COMMON_BLOCKS = YES;
				GCC_WARN_64_TO_32_BIT_CONVERSION = YES;
				GCC_WARN_ABOUT_RETURN_TYPE = YES_ERROR;
				GCC_WARN_UNDECLARED_SELECTOR = YES;
				GCC_WARN_UNINITIALIZED_AUTOS = YES_AGGRESSIVE;
				GCC_WARN_UNUSED_FUNCTION = YES;
				GCC_WARN_UNUSED_VARIABLE = YES;
				IPHONEOS_DEPLOYMENT_TARGET = 15.0;
				MTL_ENABLE_DEBUG_INFO = NO;
				MTL_FAST_MATH = YES;
				SDKROOT = iphoneos;
				SWIFT_COMPILATION_MODE = wholemodule;
				SWIFT_OPTIMIZATION_LEVEL = "-O";
				VALIDATE_PRODUCT = YES;
			};
			name = Release;
		};
		EB1E16C12770CD3E009D5FC9 /* Debug */ = {
			isa = XCBuildConfiguration;
			baseConfigurationReference = E6AAF64846FDDEE983A0A394 /* Pods-DP_Gcd.debug.xcconfig */;
			buildSettings = {
				ASSETCATALOG_COMPILER_APPICON_NAME = AppIcon;
				ASSETCATALOG_COMPILER_GLOBAL_ACCENT_COLOR_NAME = AccentColor;
				CODE_SIGN_STYLE = Automatic;
				CURRENT_PROJECT_VERSION = 1;
				DEVELOPMENT_TEAM = 6A3GWQ7FD5;
				GENERATE_INFOPLIST_FILE = YES;
				INFOPLIST_FILE = DP_Gcd/SupportingFiles/info.plist;
				INFOPLIST_KEY_UIApplicationSupportsIndirectInputEvents = YES;
				INFOPLIST_KEY_UILaunchStoryboardName = LaunchScreen;
				INFOPLIST_KEY_UIMainStoryboardFile = Main;
				INFOPLIST_KEY_UISupportedInterfaceOrientations_iPad = "UIInterfaceOrientationPortrait UIInterfaceOrientationPortraitUpsideDown UIInterfaceOrientationLandscapeLeft UIInterfaceOrientationLandscapeRight";
				INFOPLIST_KEY_UISupportedInterfaceOrientations_iPhone = "UIInterfaceOrientationPortrait UIInterfaceOrientationLandscapeLeft UIInterfaceOrientationLandscapeRight";
				LD_RUNPATH_SEARCH_PATHS = (
					"$(inherited)",
					"@executable_path/Frameworks",
				);
				MARKETING_VERSION = 1.0;
				PRODUCT_BUNDLE_IDENTIFIER = "DeliberateProject.DP-Gcd";
				PRODUCT_NAME = "$(TARGET_NAME)";
				SWIFT_EMIT_LOC_STRINGS = YES;
				SWIFT_VERSION = 5.0;
				TARGETED_DEVICE_FAMILY = "1,2";
			};
			name = Debug;
		};
		EB1E16C22770CD3E009D5FC9 /* Release */ = {
			isa = XCBuildConfiguration;
			baseConfigurationReference = AEA395C8411A9BD244BF5479 /* Pods-DP_Gcd.release.xcconfig */;
			buildSettings = {
				ASSETCATALOG_COMPILER_APPICON_NAME = AppIcon;
				ASSETCATALOG_COMPILER_GLOBAL_ACCENT_COLOR_NAME = AccentColor;
				CODE_SIGN_STYLE = Automatic;
				CURRENT_PROJECT_VERSION = 1;
				DEVELOPMENT_TEAM = 6A3GWQ7FD5;
				GENERATE_INFOPLIST_FILE = YES;
				INFOPLIST_FILE = DP_Gcd/SupportingFiles/info.plist;
				INFOPLIST_KEY_UIApplicationSupportsIndirectInputEvents = YES;
				INFOPLIST_KEY_UILaunchStoryboardName = LaunchScreen;
				INFOPLIST_KEY_UIMainStoryboardFile = Main;
				INFOPLIST_KEY_UISupportedInterfaceOrientations_iPad = "UIInterfaceOrientationPortrait UIInterfaceOrientationPortraitUpsideDown UIInterfaceOrientationLandscapeLeft UIInterfaceOrientationLandscapeRight";
				INFOPLIST_KEY_UISupportedInterfaceOrientations_iPhone = "UIInterfaceOrientationPortrait UIInterfaceOrientationLandscapeLeft UIInterfaceOrientationLandscapeRight";
				LD_RUNPATH_SEARCH_PATHS = (
					"$(inherited)",
					"@executable_path/Frameworks",
				);
				MARKETING_VERSION = 1.0;
				PRODUCT_BUNDLE_IDENTIFIER = "DeliberateProject.DP-Gcd";
				PRODUCT_NAME = "$(TARGET_NAME)";
				SWIFT_EMIT_LOC_STRINGS = YES;
				SWIFT_VERSION = 5.0;
				TARGETED_DEVICE_FAMILY = "1,2";
			};
			name = Release;
		};
		EB1E16C42770CD3E009D5FC9 /* Debug */ = {
			isa = XCBuildConfiguration;
			baseConfigurationReference = 84A77CEBA0F3C6381D788D35 /* Pods-DP_GcdTests.debug.xcconfig */;
			buildSettings = {
				ALWAYS_EMBED_SWIFT_STANDARD_LIBRARIES = YES;
				BUNDLE_LOADER = "$(TEST_HOST)";
				CODE_SIGN_STYLE = Automatic;
				CURRENT_PROJECT_VERSION = 1;
				DEVELOPMENT_TEAM = 6A3GWQ7FD5;
				GENERATE_INFOPLIST_FILE = YES;
				IPHONEOS_DEPLOYMENT_TARGET = 15.0;
				LD_RUNPATH_SEARCH_PATHS = (
					"$(inherited)",
					"@executable_path/Frameworks",
					"@loader_path/Frameworks",
				);
				MARKETING_VERSION = 1.0;
				PRODUCT_BUNDLE_IDENTIFIER = "DeliberateProject.DP-GcdTests";
				PRODUCT_NAME = "$(TARGET_NAME)";
				SWIFT_EMIT_LOC_STRINGS = NO;
				SWIFT_VERSION = 5.0;
				TARGETED_DEVICE_FAMILY = "1,2";
				TEST_HOST = "$(BUILT_PRODUCTS_DIR)/DP_Gcd.app/DP_Gcd";
			};
			name = Debug;
		};
		EB1E16C52770CD3E009D5FC9 /* Release */ = {
			isa = XCBuildConfiguration;
			baseConfigurationReference = 76D38F3A3EE66EC2C628C254 /* Pods-DP_GcdTests.release.xcconfig */;
			buildSettings = {
				ALWAYS_EMBED_SWIFT_STANDARD_LIBRARIES = YES;
				BUNDLE_LOADER = "$(TEST_HOST)";
				CODE_SIGN_STYLE = Automatic;
				CURRENT_PROJECT_VERSION = 1;
				DEVELOPMENT_TEAM = 6A3GWQ7FD5;
				GENERATE_INFOPLIST_FILE = YES;
				IPHONEOS_DEPLOYMENT_TARGET = 15.0;
				LD_RUNPATH_SEARCH_PATHS = (
					"$(inherited)",
					"@executable_path/Frameworks",
					"@loader_path/Frameworks",
				);
				MARKETING_VERSION = 1.0;
				PRODUCT_BUNDLE_IDENTIFIER = "DeliberateProject.DP-GcdTests";
				PRODUCT_NAME = "$(TARGET_NAME)";
				SWIFT_EMIT_LOC_STRINGS = NO;
				SWIFT_VERSION = 5.0;
				TARGETED_DEVICE_FAMILY = "1,2";
				TEST_HOST = "$(BUILT_PRODUCTS_DIR)/DP_Gcd.app/DP_Gcd";
			};
			name = Release;
		};
		EB1E16C72770CD3E009D5FC9 /* Debug */ = {
			isa = XCBuildConfiguration;
			baseConfigurationReference = F4551046BA2C25EAC943371B /* Pods-DP_Gcd-DP_GcdUITests.debug.xcconfig */;
			buildSettings = {
				ALWAYS_EMBED_SWIFT_STANDARD_LIBRARIES = YES;
				CODE_SIGN_STYLE = Automatic;
				CURRENT_PROJECT_VERSION = 1;
				DEVELOPMENT_TEAM = 6A3GWQ7FD5;
				GENERATE_INFOPLIST_FILE = YES;
				LD_RUNPATH_SEARCH_PATHS = (
					"$(inherited)",
					"@executable_path/Frameworks",
					"@loader_path/Frameworks",
				);
				MARKETING_VERSION = 1.0;
				PRODUCT_BUNDLE_IDENTIFIER = "DeliberateProject.DP-GcdUITests";
				PRODUCT_NAME = "$(TARGET_NAME)";
				SWIFT_EMIT_LOC_STRINGS = NO;
				SWIFT_VERSION = 5.0;
				TARGETED_DEVICE_FAMILY = "1,2";
				TEST_TARGET_NAME = DP_Gcd;
			};
			name = Debug;
		};
		EB1E16C82770CD3E009D5FC9 /* Release */ = {
			isa = XCBuildConfiguration;
			baseConfigurationReference = 75A0153B837D73004B97722D /* Pods-DP_Gcd-DP_GcdUITests.release.xcconfig */;
			buildSettings = {
				ALWAYS_EMBED_SWIFT_STANDARD_LIBRARIES = YES;
				CODE_SIGN_STYLE = Automatic;
				CURRENT_PROJECT_VERSION = 1;
				DEVELOPMENT_TEAM = 6A3GWQ7FD5;
				GENERATE_INFOPLIST_FILE = YES;
				LD_RUNPATH_SEARCH_PATHS = (
					"$(inherited)",
					"@executable_path/Frameworks",
					"@loader_path/Frameworks",
				);
				MARKETING_VERSION = 1.0;
				PRODUCT_BUNDLE_IDENTIFIER = "DeliberateProject.DP-GcdUITests";
				PRODUCT_NAME = "$(TARGET_NAME)";
				SWIFT_EMIT_LOC_STRINGS = NO;
				SWIFT_VERSION = 5.0;
				TARGETED_DEVICE_FAMILY = "1,2";
				TEST_TARGET_NAME = DP_Gcd;
			};
			name = Release;
		};
/* End XCBuildConfiguration section */

/* Begin XCConfigurationList section */
		EB1E16912770CD3C009D5FC9 /* Build configuration list for PBXProject "DP_Gcd" */ = {
			isa = XCConfigurationList;
			buildConfigurations = (
				EB1E16BE2770CD3E009D5FC9 /* Debug */,
				EB1E16BF2770CD3E009D5FC9 /* Release */,
			);
			defaultConfigurationIsVisible = 0;
			defaultConfigurationName = Release;
		};
		EB1E16C02770CD3E009D5FC9 /* Build configuration list for PBXNativeTarget "DP_Gcd" */ = {
			isa = XCConfigurationList;
			buildConfigurations = (
				EB1E16C12770CD3E009D5FC9 /* Debug */,
				EB1E16C22770CD3E009D5FC9 /* Release */,
			);
			defaultConfigurationIsVisible = 0;
			defaultConfigurationName = Release;
		};
		EB1E16C32770CD3E009D5FC9 /* Build configuration list for PBXNativeTarget "DP_GcdTests" */ = {
			isa = XCConfigurationList;
			buildConfigurations = (
				EB1E16C42770CD3E009D5FC9 /* Debug */,
				EB1E16C52770CD3E009D5FC9 /* Release */,
			);
			defaultConfigurationIsVisible = 0;
			defaultConfigurationName = Release;
		};
		EB1E16C62770CD3E009D5FC9 /* Build configuration list for PBXNativeTarget "DP_GcdUITests" */ = {
			isa = XCConfigurationList;
			buildConfigurations = (
				EB1E16C72770CD3E009D5FC9 /* Debug */,
				EB1E16C82770CD3E009D5FC9 /* Release */,
			);
			defaultConfigurationIsVisible = 0;
			defaultConfigurationName = Release;
		};
/* End XCConfigurationList section */
	};
	rootObject = EB1E168E2770CD3C009D5FC9 /* Project object */;
}
